
Microsoft Visual Studio Solution File, Format Version 12.00
# Visual Studio Version 17
VisualStudioVersion = 17.3.32922.545
MinimumVisualStudioVersion = 10.0.40219.1
Project("{9A19103F-16F7-4668-BE54-9A1E7A4F7556}") = "DZarsky.CommonLibraries.MicroserviceEshop", "src\DZarsky.CommonLibraries.MicroserviceEshop\DZarsky.CommonLibraries.MicroserviceEshop.csproj", "{C54EE817-96EE-4B1F-A8D7-9432121B7856}"
EndProject
Project("{FAE04EC0-301F-11D3-BF4B-00C04F79EFBC}") = "DZarsky.CommonLibraries.AzureFunctions", "src\DZarsky.CommonLibraries.AzureFunctions\DZarsky.CommonLibraries.AzureFunctions.csproj", "{3372302B-11EC-4BF6-9E54-9CA076506509}"
EndProject
Global
	GlobalSection(SolutionConfigurationPlatforms) = preSolution
		Debug|Any CPU = Debug|Any CPU
		Release|Any CPU = Release|Any CPU
	EndGlobalSection
	GlobalSection(ProjectConfigurationPlatforms) = postSolution
		{C54EE817-96EE-4B1F-A8D7-9432121B7856}.Debug|Any CPU.ActiveCfg = Debug|Any CPU
		{C54EE817-96EE-4B1F-A8D7-9432121B7856}.Debug|Any CPU.Build.0 = Debug|Any CPU
		{C54EE817-96EE-4B1F-A8D7-9432121B7856}.Release|Any CPU.ActiveCfg = Release|Any CPU
		{C54EE817-96EE-4B1F-A8D7-9432121B7856}.Release|Any CPU.Build.0 = Release|Any CPU
		{3372302B-11EC-4BF6-9E54-9CA076506509}.Debug|Any CPU.ActiveCfg = Debug|Any CPU
		{3372302B-11EC-4BF6-9E54-9CA076506509}.Debug|Any CPU.Build.0 = Debug|Any CPU
		{3372302B-11EC-4BF6-9E54-9CA076506509}.Release|Any CPU.ActiveCfg = Release|Any CPU
		{3372302B-11EC-4BF6-9E54-9CA076506509}.Release|Any CPU.Build.0 = Release|Any CPU
	EndGlobalSection
	GlobalSection(SolutionProperties) = preSolution
		HideSolutionNode = FALSE
	EndGlobalSection
	GlobalSection(ExtensibilityGlobals) = postSolution
		SolutionGuid = {4A538BF0-CB19-49B9-8B43-75B742E0070A}
	EndGlobalSection
EndGlobal
